
Microsoft Visual Studio Solution File, Format Version 12.00
# Visual Studio 15
VisualStudioVersion = 15.0.28307.102
MinimumVisualStudioVersion = 10.0.40219.1
Project("{FAE04EC0-301F-11D3-BF4B-00C04F79EFBC}") = "UserDatabaseAPI", "UserDatabaseAPI\UserDatabaseAPI.csproj", "{5A81FD1F-2672-4E60-9696-E7CA013DC9F7}"
EndProject
Project("{FAE04EC0-301F-11D3-BF4B-00C04F79EFBC}") = "UserInterface", "UserInterface\UserInterface.csproj", "{4AE293E2-0419-49CE-994C-5587EA2B52FF}"
EndProject
Project("{FAE04EC0-301F-11D3-BF4B-00C04F79EFBC}") = "MedicinesDatabase", "MedicinesDatabase\MedicinesDatabase.csproj", "{9BE338D1-251F-44CF-8A88-7987803B0E23}"
EndProject
Project("{FAE04EC0-301F-11D3-BF4B-00C04F79EFBC}") = "MedicinesInStockDatabase", "MedicinesInStockDatabase\MedicinesInStockDatabase.csproj", "{EDAD9714-55A3-4924-8A70-16BE4695DB9C}"
EndProject
Project("{FAE04EC0-301F-11D3-BF4B-00C04F79EFBC}") = "BlockChain", "BlockChain\BlockChain.csproj", "{EBDF72AF-2E77-4CC3-8F7C-736CEFB3F1CA}"
EndProject
Global
	GlobalSection(SolutionConfigurationPlatforms) = preSolution
		Debug|Any CPU = Debug|Any CPU
		Release|Any CPU = Release|Any CPU
	EndGlobalSection
	GlobalSection(ProjectConfigurationPlatforms) = postSolution
		{5A81FD1F-2672-4E60-9696-E7CA013DC9F7}.Debug|Any CPU.ActiveCfg = Debug|Any CPU
		{5A81FD1F-2672-4E60-9696-E7CA013DC9F7}.Debug|Any CPU.Build.0 = Debug|Any CPU
		{5A81FD1F-2672-4E60-9696-E7CA013DC9F7}.Release|Any CPU.ActiveCfg = Release|Any CPU
		{5A81FD1F-2672-4E60-9696-E7CA013DC9F7}.Release|Any CPU.Build.0 = Release|Any CPU
		{4AE293E2-0419-49CE-994C-5587EA2B52FF}.Debug|Any CPU.ActiveCfg = Debug|Any CPU
		{4AE293E2-0419-49CE-994C-5587EA2B52FF}.Debug|Any CPU.Build.0 = Debug|Any CPU
		{4AE293E2-0419-49CE-994C-5587EA2B52FF}.Release|Any CPU.ActiveCfg = Release|Any CPU
		{4AE293E2-0419-49CE-994C-5587EA2B52FF}.Release|Any CPU.Build.0 = Release|Any CPU
		{9BE338D1-251F-44CF-8A88-7987803B0E23}.Debug|Any CPU.ActiveCfg = Debug|Any CPU
		{9BE338D1-251F-44CF-8A88-7987803B0E23}.Debug|Any CPU.Build.0 = Debug|Any CPU
		{9BE338D1-251F-44CF-8A88-7987803B0E23}.Release|Any CPU.ActiveCfg = Release|Any CPU
		{9BE338D1-251F-44CF-8A88-7987803B0E23}.Release|Any CPU.Build.0 = Release|Any CPU
		{EDAD9714-55A3-4924-8A70-16BE4695DB9C}.Debug|Any CPU.ActiveCfg = Debug|Any CPU
		{EDAD9714-55A3-4924-8A70-16BE4695DB9C}.Debug|Any CPU.Build.0 = Debug|Any CPU
		{EDAD9714-55A3-4924-8A70-16BE4695DB9C}.Release|Any CPU.ActiveCfg = Release|Any CPU
		{EDAD9714-55A3-4924-8A70-16BE4695DB9C}.Release|Any CPU.Build.0 = Release|Any CPU
		{EBDF72AF-2E77-4CC3-8F7C-736CEFB3F1CA}.Debug|Any CPU.ActiveCfg = Debug|Any CPU
		{EBDF72AF-2E77-4CC3-8F7C-736CEFB3F1CA}.Debug|Any CPU.Build.0 = Debug|Any CPU
		{EBDF72AF-2E77-4CC3-8F7C-736CEFB3F1CA}.Release|Any CPU.ActiveCfg = Release|Any CPU
		{EBDF72AF-2E77-4CC3-8F7C-736CEFB3F1CA}.Release|Any CPU.Build.0 = Release|Any CPU
	EndGlobalSection
	GlobalSection(SolutionProperties) = preSolution
		HideSolutionNode = FALSE
	EndGlobalSection
	GlobalSection(ExtensibilityGlobals) = postSolution
		SolutionGuid = {08EC3323-42AE-40EF-9F3F-E670720659E2}
	EndGlobalSection
EndGlobal
